
Microsoft Visual Studio Solution File, Format Version 12.00
# Visual Studio Version 16
VisualStudioVersion = 16.0.31702.278
MinimumVisualStudioVersion = 10.0.40219.1
Project("{FAE04EC0-301F-11D3-BF4B-00C04F79EFBC}") = "Whiteboard.API", "Whiteboard.API\Whiteboard.API.csproj", "{546F6BC9-6735-44A9-BD7C-27EC25B077A0}"
EndProject
Project("{FAE04EC0-301F-11D3-BF4B-00C04F79EFBC}") = "Whiteboard.Data", "Whiteboard.Data\Whiteboard.Data.csproj", "{7F89E1E8-B59F-4EDC-B667-73236EDC945C}"
EndProject
Project("{FAE04EC0-301F-11D3-BF4B-00C04F79EFBC}") = "Whiteboard.Business", "Whiteboard.Business\Whiteboard.Business.csproj", "{0E5F0BEC-2409-4F6D-9E3E-FDF12F8EEAF8}"
EndProject
Global
	GlobalSection(SolutionConfigurationPlatforms) = preSolution
		Debug|Any CPU = Debug|Any CPU
		Release|Any CPU = Release|Any CPU
	EndGlobalSection
	GlobalSection(ProjectConfigurationPlatforms) = postSolution
		{546F6BC9-6735-44A9-BD7C-27EC25B077A0}.Debug|Any CPU.ActiveCfg = Debug|Any CPU
		{546F6BC9-6735-44A9-BD7C-27EC25B077A0}.Debug|Any CPU.Build.0 = Debug|Any CPU
		{546F6BC9-6735-44A9-BD7C-27EC25B077A0}.Release|Any CPU.ActiveCfg = Release|Any CPU
		{546F6BC9-6735-44A9-BD7C-27EC25B077A0}.Release|Any CPU.Build.0 = Release|Any CPU
		{7F89E1E8-B59F-4EDC-B667-73236EDC945C}.Debug|Any CPU.ActiveCfg = Debug|Any CPU
		{7F89E1E8-B59F-4EDC-B667-73236EDC945C}.Debug|Any CPU.Build.0 = Debug|Any CPU
		{7F89E1E8-B59F-4EDC-B667-73236EDC945C}.Release|Any CPU.ActiveCfg = Release|Any CPU
		{7F89E1E8-B59F-4EDC-B667-73236EDC945C}.Release|Any CPU.Build.0 = Release|Any CPU
		{0E5F0BEC-2409-4F6D-9E3E-FDF12F8EEAF8}.Debug|Any CPU.ActiveCfg = Debug|Any CPU
		{0E5F0BEC-2409-4F6D-9E3E-FDF12F8EEAF8}.Debug|Any CPU.Build.0 = Debug|Any CPU
		{0E5F0BEC-2409-4F6D-9E3E-FDF12F8EEAF8}.Release|Any CPU.ActiveCfg = Release|Any CPU
		{0E5F0BEC-2409-4F6D-9E3E-FDF12F8EEAF8}.Release|Any CPU.Build.0 = Release|Any CPU
	EndGlobalSection
	GlobalSection(SolutionProperties) = preSolution
		HideSolutionNode = FALSE
	EndGlobalSection
	GlobalSection(ExtensibilityGlobals) = postSolution
		SolutionGuid = {637D88C2-7F10-4E97-8A49-6E580D86B364}
	EndGlobalSection
EndGlobal
